
Microsoft Visual Studio Solution File, Format Version 12.00
# Visual Studio 15
VisualStudioVersion = 15.0.28307.168
MinimumVisualStudioVersion = 10.0.40219.1
Project("{FAE04EC0-301F-11D3-BF4B-00C04F79EFBC}") = "Entidades", "Entidades\Entidades.csproj", "{36066B87-5005-4AD2-B10A-00BB3895BF50}"
EndProject
Project("{FAE04EC0-301F-11D3-BF4B-00C04F79EFBC}") = "DataTransferObjects", "DataTransferObjects\DataTransferObjects.csproj", "{540C73C1-8596-40C1-8DF0-8A26205A5895}"
EndProject
Project("{FAE04EC0-301F-11D3-BF4B-00C04F79EFBC}") = "Datos", "Datos\Datos.csproj", "{6788F170-3FAA-409C-A5EF-81D7678C29B3}"
EndProject
Project("{FAE04EC0-301F-11D3-BF4B-00C04F79EFBC}") = "ColegioWebApi", "ColegioWebApi\ColegioWebApi.csproj", "{126253BD-9FDA-446E-A257-184F0B1DD64B}"
EndProject
Project("{FAE04EC0-301F-11D3-BF4B-00C04F79EFBC}") = "AppWinforms", "AppWinforms\AppWinforms.csproj", "{4FCA8045-D819-4AD1-8F18-DEEC5AA842D7}"
EndProject
Project("{2150E333-8FDC-42A3-9474-1A3956D46DE8}") = "01. Entidades", "01. Entidades", "{C768284C-6210-4104-BB6E-B024DBA6DA3E}"
EndProject
Project("{2150E333-8FDC-42A3-9474-1A3956D46DE8}") = "02. Datos", "02. Datos", "{25D43A42-5F8B-420D-920C-A3777D2EC237}"
EndProject
Project("{2150E333-8FDC-42A3-9474-1A3956D46DE8}") = "03. Logica", "03. Logica", "{DA09568B-3FF4-436A-B403-33B17075F212}"
EndProject
Project("{2150E333-8FDC-42A3-9474-1A3956D46DE8}") = "04. Presentacion", "04. Presentacion", "{5635A39A-489B-4A56-BE55-9C4868225BFA}"
EndProject
Project("{2150E333-8FDC-42A3-9474-1A3956D46DE8}") = "05. Web API", "05. Web API", "{DCCC033B-135F-4D8A-95F1-CADEA54C8427}"
EndProject
Global
	GlobalSection(SolutionConfigurationPlatforms) = preSolution
		Debug|Any CPU = Debug|Any CPU
		Release|Any CPU = Release|Any CPU
	EndGlobalSection
	GlobalSection(ProjectConfigurationPlatforms) = postSolution
		{36066B87-5005-4AD2-B10A-00BB3895BF50}.Debug|Any CPU.ActiveCfg = Debug|Any CPU
		{36066B87-5005-4AD2-B10A-00BB3895BF50}.Debug|Any CPU.Build.0 = Debug|Any CPU
		{36066B87-5005-4AD2-B10A-00BB3895BF50}.Release|Any CPU.ActiveCfg = Release|Any CPU
		{36066B87-5005-4AD2-B10A-00BB3895BF50}.Release|Any CPU.Build.0 = Release|Any CPU
		{540C73C1-8596-40C1-8DF0-8A26205A5895}.Debug|Any CPU.ActiveCfg = Debug|Any CPU
		{540C73C1-8596-40C1-8DF0-8A26205A5895}.Debug|Any CPU.Build.0 = Debug|Any CPU
		{540C73C1-8596-40C1-8DF0-8A26205A5895}.Release|Any CPU.ActiveCfg = Release|Any CPU
		{540C73C1-8596-40C1-8DF0-8A26205A5895}.Release|Any CPU.Build.0 = Release|Any CPU
		{6788F170-3FAA-409C-A5EF-81D7678C29B3}.Debug|Any CPU.ActiveCfg = Debug|Any CPU
		{6788F170-3FAA-409C-A5EF-81D7678C29B3}.Debug|Any CPU.Build.0 = Debug|Any CPU
		{6788F170-3FAA-409C-A5EF-81D7678C29B3}.Release|Any CPU.ActiveCfg = Release|Any CPU
		{6788F170-3FAA-409C-A5EF-81D7678C29B3}.Release|Any CPU.Build.0 = Release|Any CPU
		{126253BD-9FDA-446E-A257-184F0B1DD64B}.Debug|Any CPU.ActiveCfg = Debug|Any CPU
		{126253BD-9FDA-446E-A257-184F0B1DD64B}.Debug|Any CPU.Build.0 = Debug|Any CPU
		{126253BD-9FDA-446E-A257-184F0B1DD64B}.Release|Any CPU.ActiveCfg = Release|Any CPU
		{126253BD-9FDA-446E-A257-184F0B1DD64B}.Release|Any CPU.Build.0 = Release|Any CPU
		{4FCA8045-D819-4AD1-8F18-DEEC5AA842D7}.Debug|Any CPU.ActiveCfg = Debug|Any CPU
		{4FCA8045-D819-4AD1-8F18-DEEC5AA842D7}.Debug|Any CPU.Build.0 = Debug|Any CPU
		{4FCA8045-D819-4AD1-8F18-DEEC5AA842D7}.Release|Any CPU.ActiveCfg = Release|Any CPU
		{4FCA8045-D819-4AD1-8F18-DEEC5AA842D7}.Release|Any CPU.Build.0 = Release|Any CPU
	EndGlobalSection
	GlobalSection(SolutionProperties) = preSolution
		HideSolutionNode = FALSE
	EndGlobalSection
	GlobalSection(NestedProjects) = preSolution
		{36066B87-5005-4AD2-B10A-00BB3895BF50} = {C768284C-6210-4104-BB6E-B024DBA6DA3E}
		{540C73C1-8596-40C1-8DF0-8A26205A5895} = {DCCC033B-135F-4D8A-95F1-CADEA54C8427}
		{6788F170-3FAA-409C-A5EF-81D7678C29B3} = {25D43A42-5F8B-420D-920C-A3777D2EC237}
		{126253BD-9FDA-446E-A257-184F0B1DD64B} = {DCCC033B-135F-4D8A-95F1-CADEA54C8427}
		{4FCA8045-D819-4AD1-8F18-DEEC5AA842D7} = {5635A39A-489B-4A56-BE55-9C4868225BFA}
	EndGlobalSection
	GlobalSection(ExtensibilityGlobals) = postSolution
		SolutionGuid = {B31EBD1B-9533-4643-8D80-8D1C1E0DEAE9}
	EndGlobalSection
EndGlobal
